
Microsoft Visual Studio Solution File, Format Version 12.00
# Visual Studio 14
VisualStudioVersion = 14.0.25420.1
MinimumVisualStudioVersion = 10.0.40219.1
Project("{2150E333-8FDC-42A3-9474-1A3956D46DE8}") = "src", "src", "{4461A3FD-DC3B-44E8-96CC-20C05AF06EBC}"
EndProject
Project("{2150E333-8FDC-42A3-9474-1A3956D46DE8}") = "Solution Items", "Solution Items", "{7FB29E4C-E8C3-4472-9CBD-4D7F20F2CEAE}"
	ProjectSection(SolutionItems) = preProject
		global.json = global.json
	EndProjectSection
EndProject
Project("{8BB2217D-0F2D-49D1-97BC-3654ED321F3B}") = "HelloEntityFramework", "src\HelloEntityFramework\HelloEntityFramework.xproj", "{6114FEC5-7A4F-4692-AEB9-9C52D5699009}"
EndProject
Global
	GlobalSection(SolutionConfigurationPlatforms) = preSolution
		Debug|Any CPU = Debug|Any CPU
		Release|Any CPU = Release|Any CPU
	EndGlobalSection
	GlobalSection(ProjectConfigurationPlatforms) = postSolution
		{6114FEC5-7A4F-4692-AEB9-9C52D5699009}.Debug|Any CPU.ActiveCfg = Debug|Any CPU
		{6114FEC5-7A4F-4692-AEB9-9C52D5699009}.Debug|Any CPU.Build.0 = Debug|Any CPU
		{6114FEC5-7A4F-4692-AEB9-9C52D5699009}.Release|Any CPU.ActiveCfg = Release|Any CPU
		{6114FEC5-7A4F-4692-AEB9-9C52D5699009}.Release|Any CPU.Build.0 = Release|Any CPU
	EndGlobalSection
	GlobalSection(SolutionProperties) = preSolution
		HideSolutionNode = FALSE
	EndGlobalSection
	GlobalSection(NestedProjects) = preSolution
		{6114FEC5-7A4F-4692-AEB9-9C52D5699009} = {4461A3FD-DC3B-44E8-96CC-20C05AF06EBC}
	EndGlobalSection
EndGlobal
