
Microsoft Visual Studio Solution File, Format Version 12.00
# Visual Studio 14
VisualStudioVersion = 14.0.25420.1
MinimumVisualStudioVersion = 10.0.40219.1
Project("{2150E333-8FDC-42A3-9474-1A3956D46DE8}") = "src", "src", "{E6246E5E-63E7-40B8-B351-11BACEF46263}"
EndProject
Project("{2150E333-8FDC-42A3-9474-1A3956D46DE8}") = "Solution Items", "Solution Items", "{02695B7E-71BC-4827-AE61-589E8A94C567}"
	ProjectSection(SolutionItems) = preProject
		global.json = global.json
	EndProjectSection
EndProject
Project("{8BB2217D-0F2D-49D1-97BC-3654ED321F3B}") = "HelloSelfContainedApp", "src\HelloSelfContainedApp\HelloSelfContainedApp.xproj", "{B6D8CE37-F590-434F-ABCB-6114B7F5698A}"
EndProject
Global
	GlobalSection(SolutionConfigurationPlatforms) = preSolution
		Debug|Any CPU = Debug|Any CPU
		Release|Any CPU = Release|Any CPU
	EndGlobalSection
	GlobalSection(ProjectConfigurationPlatforms) = postSolution
		{B6D8CE37-F590-434F-ABCB-6114B7F5698A}.Debug|Any CPU.ActiveCfg = Debug|Any CPU
		{B6D8CE37-F590-434F-ABCB-6114B7F5698A}.Debug|Any CPU.Build.0 = Debug|Any CPU
		{B6D8CE37-F590-434F-ABCB-6114B7F5698A}.Release|Any CPU.ActiveCfg = Release|Any CPU
		{B6D8CE37-F590-434F-ABCB-6114B7F5698A}.Release|Any CPU.Build.0 = Release|Any CPU
	EndGlobalSection
	GlobalSection(SolutionProperties) = preSolution
		HideSolutionNode = FALSE
	EndGlobalSection
	GlobalSection(NestedProjects) = preSolution
		{B6D8CE37-F590-434F-ABCB-6114B7F5698A} = {E6246E5E-63E7-40B8-B351-11BACEF46263}
	EndGlobalSection
EndGlobal
