
Microsoft Visual Studio Solution File, Format Version 12.00
# Visual Studio 14
VisualStudioVersion = 14.0.25420.1
MinimumVisualStudioVersion = 10.0.40219.1
Project("{2150E333-8FDC-42A3-9474-1A3956D46DE8}") = "src", "src", "{E6E60E46-908E-45ED-B319-C5D75109E736}"
EndProject
Project("{2150E333-8FDC-42A3-9474-1A3956D46DE8}") = "Solution Items", "Solution Items", "{4D0FC67D-39DA-485B-B9BA-02F77CFCB3D0}"
	ProjectSection(SolutionItems) = preProject
		global.json = global.json
	EndProjectSection
EndProject
Project("{8BB2217D-0F2D-49D1-97BC-3654ED321F3B}") = "HelloWorld", "src\HelloWorld\HelloWorld.xproj", "{64EFA486-9BB0-4E99-B6E7-93CF6DEDF94B}"
EndProject
Global
	GlobalSection(SolutionConfigurationPlatforms) = preSolution
		Debug|Any CPU = Debug|Any CPU
		Release|Any CPU = Release|Any CPU
	EndGlobalSection
	GlobalSection(ProjectConfigurationPlatforms) = postSolution
		{64EFA486-9BB0-4E99-B6E7-93CF6DEDF94B}.Debug|Any CPU.ActiveCfg = Debug|Any CPU
		{64EFA486-9BB0-4E99-B6E7-93CF6DEDF94B}.Debug|Any CPU.Build.0 = Debug|Any CPU
		{64EFA486-9BB0-4E99-B6E7-93CF6DEDF94B}.Release|Any CPU.ActiveCfg = Release|Any CPU
		{64EFA486-9BB0-4E99-B6E7-93CF6DEDF94B}.Release|Any CPU.Build.0 = Release|Any CPU
	EndGlobalSection
	GlobalSection(SolutionProperties) = preSolution
		HideSolutionNode = FALSE
	EndGlobalSection
	GlobalSection(NestedProjects) = preSolution
		{64EFA486-9BB0-4E99-B6E7-93CF6DEDF94B} = {E6E60E46-908E-45ED-B319-C5D75109E736}
	EndGlobalSection
EndGlobal
